
Microsoft Visual Studio Solution File, Format Version 12.00
# Visual Studio Version 17
VisualStudioVersion = 17.5.33502.453
MinimumVisualStudioVersion = 10.0.40219.1
Project("{9A19103F-16F7-4668-BE54-9A1E7A4F7556}") = "EsraSevincBlogProject.Web", "EsraSevincBlogProject.Web\EsraSevincBlogProject.Web.csproj", "{4C78561D-0217-4988-A35F-27989DD0CF17}"
EndProject
Project("{9A19103F-16F7-4668-BE54-9A1E7A4F7556}") = "EsraSevincBlogProject.DataAccess", "EsraSevincBlogProject.DataAccess\EsraSevincBlogProject.DataAccess.csproj", "{11B6104B-2BAE-42C7-93EA-62409FAA09A1}"
EndProject
Project("{9A19103F-16F7-4668-BE54-9A1E7A4F7556}") = "EsraSevincBlogProject.Entities", "EsraSevincBlogProject.Entities\EsraSevincBlogProject.Entities.csproj", "{BAD1AB7B-6EAE-4B5F-8AC8-7ACD2B860B40}"
EndProject
Project("{9A19103F-16F7-4668-BE54-9A1E7A4F7556}") = "EsraSevincBlogProject.Business", "EsraSevincBlogProject.Business\EsraSevincBlogProject.Business.csproj", "{D57D2E44-5347-45AD-A2E0-C205BAFF863D}"
EndProject
Project("{9A19103F-16F7-4668-BE54-9A1E7A4F7556}") = "EsraSevincBlog.Core", "EsraSevincBlog.Core\EsraSevincBlog.Core.csproj", "{5CE9ABFF-6D14-4395-AE95-8CF47A09142D}"
EndProject
Global
	GlobalSection(SolutionConfigurationPlatforms) = preSolution
		Debug|Any CPU = Debug|Any CPU
		Release|Any CPU = Release|Any CPU
	EndGlobalSection
	GlobalSection(ProjectConfigurationPlatforms) = postSolution
		{4C78561D-0217-4988-A35F-27989DD0CF17}.Debug|Any CPU.ActiveCfg = Debug|Any CPU
		{4C78561D-0217-4988-A35F-27989DD0CF17}.Debug|Any CPU.Build.0 = Debug|Any CPU
		{4C78561D-0217-4988-A35F-27989DD0CF17}.Release|Any CPU.ActiveCfg = Release|Any CPU
		{4C78561D-0217-4988-A35F-27989DD0CF17}.Release|Any CPU.Build.0 = Release|Any CPU
		{11B6104B-2BAE-42C7-93EA-62409FAA09A1}.Debug|Any CPU.ActiveCfg = Debug|Any CPU
		{11B6104B-2BAE-42C7-93EA-62409FAA09A1}.Debug|Any CPU.Build.0 = Debug|Any CPU
		{11B6104B-2BAE-42C7-93EA-62409FAA09A1}.Release|Any CPU.ActiveCfg = Release|Any CPU
		{11B6104B-2BAE-42C7-93EA-62409FAA09A1}.Release|Any CPU.Build.0 = Release|Any CPU
		{BAD1AB7B-6EAE-4B5F-8AC8-7ACD2B860B40}.Debug|Any CPU.ActiveCfg = Debug|Any CPU
		{BAD1AB7B-6EAE-4B5F-8AC8-7ACD2B860B40}.Debug|Any CPU.Build.0 = Debug|Any CPU
		{BAD1AB7B-6EAE-4B5F-8AC8-7ACD2B860B40}.Release|Any CPU.ActiveCfg = Release|Any CPU
		{BAD1AB7B-6EAE-4B5F-8AC8-7ACD2B860B40}.Release|Any CPU.Build.0 = Release|Any CPU
		{D57D2E44-5347-45AD-A2E0-C205BAFF863D}.Debug|Any CPU.ActiveCfg = Debug|Any CPU
		{D57D2E44-5347-45AD-A2E0-C205BAFF863D}.Debug|Any CPU.Build.0 = Debug|Any CPU
		{D57D2E44-5347-45AD-A2E0-C205BAFF863D}.Release|Any CPU.ActiveCfg = Release|Any CPU
		{D57D2E44-5347-45AD-A2E0-C205BAFF863D}.Release|Any CPU.Build.0 = Release|Any CPU
		{5CE9ABFF-6D14-4395-AE95-8CF47A09142D}.Debug|Any CPU.ActiveCfg = Debug|Any CPU
		{5CE9ABFF-6D14-4395-AE95-8CF47A09142D}.Debug|Any CPU.Build.0 = Debug|Any CPU
		{5CE9ABFF-6D14-4395-AE95-8CF47A09142D}.Release|Any CPU.ActiveCfg = Release|Any CPU
		{5CE9ABFF-6D14-4395-AE95-8CF47A09142D}.Release|Any CPU.Build.0 = Release|Any CPU
	EndGlobalSection
	GlobalSection(SolutionProperties) = preSolution
		HideSolutionNode = FALSE
	EndGlobalSection
	GlobalSection(ExtensibilityGlobals) = postSolution
		SolutionGuid = {7D59ACA7-52EC-4F4C-A66A-EDE35128A9B4}
	EndGlobalSection
EndGlobal
